{
  "name": "zenrows-examples",
  "version": "1.0.6",
  "lockfileVersion": 2,
  "requires": true,
  "packages": {
    "": {
      "name": "zenrows-examples",
      "version": "1.0.6",
      "license": "ISC",
      "dependencies": {
        "axios": "^0.21.4",
        "zenrows": "^1.0.6"
      }
    },
    "node_modules/axios": {
      "version": "0.21.4",
      "resolved": "https://registry.npmjs.org/axios/-/axios-0.21.4.tgz",
      "integrity": "sha512-ut5vewkiu8jjGBdqpM44XxjuCjq9LAKeHVmoVfHVzy8eHgxxq8SbAVQNovDA8mVi05kP0Ea/n/UzcSHcTJQfNg==",
      "dependencies": {
        "follow-redirects": "^1.14.0"
      }
    },
    "node_modules/follow-redirects": {
      "version": "1.14.3",
      "resolved": "https://registry.npmjs.org/follow-redirects/-/follow-redirects-1.14.3.tgz",
      "integrity": "sha512-3MkHxknWMUtb23apkgz/83fDoe+y+qr0TdgacGIA7bew+QLBo3vdgEN2xEsuXNivpFy4CyDhBBZnNZOtalmenw==",
      "funding": [
        {
          "type": "individual",
          "url": "https://github.com/sponsors/RubenVerborgh"
        }
      ],
      "engines": {
        "node": ">=4.0"
      },
      "peerDependenciesMeta": {
        "debug": {
          "optional": true
        }
      }
    },
    "node_modules/zenrows": {
      "version": "1.0.6",
      "resolved": "https://registry.npmjs.org/zenrows/-/zenrows-1.0.6.tgz",
      "integrity": "sha512-otLac4YcnMmdKAATwZIQVaiOPomVwO+YuOZjJOCsxvd/DSxlfg95wMPY/KE5C4ockq+IXbvs7j+67MZD8Rj6ew==",
      "dependencies": {
        "axios": "^0.21.4"
      }
    }
  },
  "dependencies": {
    "axios": {
      "version": "0.21.4",
      "resolved": "https://registry.npmjs.org/axios/-/axios-0.21.4.tgz",
      "integrity": "sha512-ut5vewkiu8jjGBdqpM44XxjuCjq9LAKeHVmoVfHVzy8eHgxxq8SbAVQNovDA8mVi05kP0Ea/n/UzcSHcTJQfNg==",
      "requires": {
        "follow-redirects": "^1.14.0"
      }
    },
    "follow-redirects": {
      "version": "1.14.3",
      "resolved": "https://registry.npmjs.org/follow-redirects/-/follow-redirects-1.14.3.tgz",
      "integrity": "sha512-3MkHxknWMUtb23apkgz/83fDoe+y+qr0TdgacGIA7bew+QLBo3vdgEN2xEsuXNivpFy4CyDhBBZnNZOtalmenw=="
    },
    "zenrows": {
      "version": "1.0.6",
      "resolved": "https://registry.npmjs.org/zenrows/-/zenrows-1.0.6.tgz",
      "integrity": "sha512-otLac4YcnMmdKAATwZIQVaiOPomVwO+YuOZjJOCsxvd/DSxlfg95wMPY/KE5C4ockq+IXbvs7j+67MZD8Rj6ew==",
      "requires": {
        "axios": "^0.21.4"
      }
    }
  }
}
